{
  "name": "tracing",
  "version": "1.0.0",
  "lockfileVersion": 1,
  "requires": true,
  "dependencies": {
    "@types/jaeger-client": {
      "version": "3.15.3",
      "resolved": "https://registry.npmjs.org/@types/jaeger-client/-/jaeger-client-3.15.3.tgz",
      "integrity": "sha512-Hby2o9/oj3KzeVwoSzP/A7fA2jGfpnxEsZISZvsk75ZckqIJJovx7rAwSoj22yGAyu3vGo43Ad0K/YImEO1dXw==",
      "dev": true,
      "requires": {
        "opentracing": "~0.14.3",
        "prom-client": "~11.3.0"
      },
      "dependencies": {
        "opentracing": {
          "version": "0.14.4",
          "resolved": "https://registry.npmjs.org/opentracing/-/opentracing-0.14.4.tgz",
          "integrity": "sha512-nNnZDkUNExBwEpb7LZaeMeQgvrlO8l4bgY/LvGNZCR0xG/dGWqHqjKrAmR5GUoYo0FIz38kxasvA1aevxWs2CA==",
          "dev": true
        }
      }
    },
    "@types/node": {
      "version": "13.7.1",
      "resolved": "https://registry.npmjs.org/@types/node/-/node-13.7.1.tgz",
      "integrity": "sha512-Zq8gcQGmn4txQEJeiXo/KiLpon8TzAl0kmKH4zdWctPj05nWwp1ClMdAVEloqrQKfaC48PNLdgN/aVaLqUrluA==",
      "dev": true
    },
    "@types/uuid": {
      "version": "3.4.7",
      "resolved": "https://registry.npmjs.org/@types/uuid/-/uuid-3.4.7.tgz",
      "integrity": "sha512-C2j2FWgQkF1ru12SjZJyMaTPxs/f6n90+5G5qNakBxKXjTBc/YTSelHh4Pz1HUDwxFXD9WvpQhOGCDC+/Y4mIQ==",
      "dev": true
    },
    "ansi-color": {
      "version": "0.2.1",
      "resolved": "https://registry.npmjs.org/ansi-color/-/ansi-color-0.2.1.tgz",
      "integrity": "sha1-PnXAN0dSF1RO12Oo21cJ+prlv5o="
    },
    "arg": {
      "version": "4.1.3",
      "resolved": "https://registry.npmjs.org/arg/-/arg-4.1.3.tgz",
      "integrity": "sha512-58S9QDqG0Xx27YwPSt9fJxivjYl432YCwfDMfZ+71RAqUrZef7LrKQZ3LHLOwCS4FLNBplP533Zx895SeOCHvA==",
      "dev": true
    },
    "bintrees": {
      "version": "1.0.1",
      "resolved": "https://registry.npmjs.org/bintrees/-/bintrees-1.0.1.tgz",
      "integrity": "sha1-DmVcm5wkNeqraL9AJyJtK1WjRSQ=",
      "dev": true
    },
    "buffer-from": {
      "version": "1.1.1",
      "resolved": "https://registry.npmjs.org/buffer-from/-/buffer-from-1.1.1.tgz",
      "integrity": "sha512-MQcXEUbCKtEo7bhqEs6560Hyd4XaovZlO/k9V3hjVUF/zwW7KBVdSK4gIt/bzwS9MbR5qob+F5jusZsb0YQK2A==",
      "dev": true
    },
    "bufrw": {
      "version": "1.3.0",
      "resolved": "https://registry.npmjs.org/bufrw/-/bufrw-1.3.0.tgz",
      "integrity": "sha512-jzQnSbdJqhIltU9O5KUiTtljP9ccw2u5ix59McQy4pV2xGhVLhRZIndY8GIrgh5HjXa6+QJ9AQhOd2QWQizJFQ==",
      "requires": {
        "ansi-color": "^0.2.1",
        "error": "^7.0.0",
        "hexer": "^1.5.0",
        "xtend": "^4.0.0"
      }
    },
    "diff": {
      "version": "4.0.2",
      "resolved": "https://registry.npmjs.org/diff/-/diff-4.0.2.tgz",
      "integrity": "sha512-58lmxKSA4BNyLz+HHMUzlOEpg09FV+ev6ZMe3vJihgdxzgcwZ8VoEEPmALCZG9LmqfVoNMMKpttIYTVG6uDY7A==",
      "dev": true
    },
    "error": {
      "version": "7.0.2",
      "resolved": "https://registry.npmjs.org/error/-/error-7.0.2.tgz",
      "integrity": "sha1-pfdf/02ZJhJt2sDqXcOOaJFTywI=",
      "requires": {
        "string-template": "~0.2.1",
        "xtend": "~4.0.0"
      }
    },
    "hexer": {
      "version": "1.5.0",
      "resolved": "https://registry.npmjs.org/hexer/-/hexer-1.5.0.tgz",
      "integrity": "sha1-uGzoCFmOip0YksVx887dhvyfBlM=",
      "requires": {
        "ansi-color": "^0.2.1",
        "minimist": "^1.1.0",
        "process": "^0.10.0",
        "xtend": "^4.0.0"
      }
    },
    "jaeger-client": {
      "version": "3.17.2",
      "resolved": "https://registry.npmjs.org/jaeger-client/-/jaeger-client-3.17.2.tgz",
      "integrity": "sha512-19YloSidmKbrXHgecLWod8eXo7rm2ieUnsfg0ripTFGRCW5v2OWE96Gte4/tOQG/8N+T39VoLU2nMBdjbdMUJg==",
      "requires": {
        "node-int64": "^0.4.0",
        "opentracing": "^0.13.0",
        "thriftrw": "^3.5.0",
        "uuid": "^3.2.1",
        "xorshift": "^0.2.0"
      },
      "dependencies": {
        "opentracing": {
          "version": "0.13.0",
          "resolved": "https://registry.npmjs.org/opentracing/-/opentracing-0.13.0.tgz",
          "integrity": "sha1-ajQUQvCdfYZrwR7QPeHjgo49aqs="
        }
      }
    },
    "long": {
      "version": "2.4.0",
      "resolved": "https://registry.npmjs.org/long/-/long-2.4.0.tgz",
      "integrity": "sha1-n6GAux2VAM3CnEFWdmoZleH0Uk8="
    },
    "make-error": {
      "version": "1.3.5",
      "resolved": "https://registry.npmjs.org/make-error/-/make-error-1.3.5.tgz",
      "integrity": "sha512-c3sIjNUow0+8swNwVpqoH4YCShKNFkMaw6oH1mNS2haDZQqkeZFlHS3dhoeEbKKmJB4vXpJucU6oH75aDYeE9g==",
      "dev": true
    },
    "minimist": {
      "version": "1.2.8",
      "resolved": "https://registry.npmjs.org/minimist/-/minimist-1.2.8.tgz",
      "integrity": "sha512-2yyAR8qBkN3YuheJanUpWC5U3bb5osDywNB8RzDVlDwDHbocAJveqqj1u8+SVD7jkWT4yvsHCpWqqWqAxb0zCA=="
    },
    "nats": {
      "version": "1.4.0",
      "resolved": "https://registry.npmjs.org/nats/-/nats-1.4.0.tgz",
      "integrity": "sha512-dsXZnBN6gFcgIcPLXF72LMaA8cC2edz8J01qRfR7uB4r77DJHaLGYwYsV47/KaUojuavk0agYwxkWbe2J5cGLQ==",
      "requires": {
        "nuid": "^1.0.0",
        "ts-nkeys": "^1.0.8"
      }
    },
    "node-int64": {
      "version": "0.4.0",
      "resolved": "https://registry.npmjs.org/node-int64/-/node-int64-0.4.0.tgz",
      "integrity": "sha1-h6kGXNs1XTGC2PlM4RGIuCXGijs="
    },
    "nuid": {
      "version": "1.1.0",
      "resolved": "https://registry.npmjs.org/nuid/-/nuid-1.1.0.tgz",
      "integrity": "sha512-C/JdZ6PtCqKsCEs4ni76nhBsdmuQgLAT/CTLNprkcLViDAnkk7qx5sSA8PVC2vmSsdBlSsFuGb52v6pwn1oaeg=="
    },
    "opentracing": {
      "version": "0.14.4",
      "resolved": "https://registry.npmjs.org/opentracing/-/opentracing-0.14.4.tgz",
      "integrity": "sha512-nNnZDkUNExBwEpb7LZaeMeQgvrlO8l4bgY/LvGNZCR0xG/dGWqHqjKrAmR5GUoYo0FIz38kxasvA1aevxWs2CA=="
    },
    "process": {
      "version": "0.10.1",
      "resolved": "https://registry.npmjs.org/process/-/process-0.10.1.tgz",
      "integrity": "sha1-hCRXzFHP7XLcd1r+6vuMYDQ3JyU="
    },
    "prom-client": {
      "version": "11.3.0",
      "resolved": "https://registry.npmjs.org/prom-client/-/prom-client-11.3.0.tgz",
      "integrity": "sha512-OqSf5WOvpGZXkfqPXUHNHpjrbEE/q8jxjktO0i7zg1cnULAtf0ET67/J5R4e4iA4MZx2260tzTzSFSWgMdTZmQ==",
      "dev": true,
      "requires": {
        "tdigest": "^0.1.1"
      }
    },
    "source-map": {
      "version": "0.6.1",
      "resolved": "https://registry.npmjs.org/source-map/-/source-map-0.6.1.tgz",
      "integrity": "sha512-UjgapumWlbMhkBgzT7Ykc5YXUT46F0iKu8SGXq0bcwP5dz/h0Plj6enJqjz1Zbq2l5WaqYnrVbwWOWMyF3F47g==",
      "dev": true
    },
    "source-map-support": {
      "version": "0.5.16",
      "resolved": "https://registry.npmjs.org/source-map-support/-/source-map-support-0.5.16.tgz",
      "integrity": "sha512-efyLRJDr68D9hBBNIPWFjhpFzURh+KJykQwvMyW5UiZzYwoF6l4YMMDIJJEyFWxWCqfyxLzz6tSfUFR+kXXsVQ==",
      "dev": true,
      "requires": {
        "buffer-from": "^1.0.0",
        "source-map": "^0.6.0"
      }
    },
    "string-template": {
      "version": "0.2.1",
      "resolved": "https://registry.npmjs.org/string-template/-/string-template-0.2.1.tgz",
      "integrity": "sha1-QpMuWYo1LQH8IuwzZ9nYTuxsmt0="
    },
    "tdigest": {
      "version": "0.1.1",
      "resolved": "https://registry.npmjs.org/tdigest/-/tdigest-0.1.1.tgz",
      "integrity": "sha1-Ljyyw56kSeVdHmzZEReszKRYgCE=",
      "dev": true,
      "requires": {
        "bintrees": "1.0.1"
      }
    },
    "thriftrw": {
      "version": "3.12.0",
      "resolved": "https://registry.npmjs.org/thriftrw/-/thriftrw-3.12.0.tgz",
      "integrity": "sha512-4YZvR4DPEI41n4Opwr4jmrLGG4hndxr7387kzRFIIzxHQjarPusH4lGXrugvgb7TtPrfZVTpZCVe44/xUxowEw==",
      "requires": {
        "bufrw": "^1.3.0",
        "error": "7.0.2",
        "long": "^2.4.0"
      }
    },
    "ts-nkeys": {
      "version": "1.0.14",
      "resolved": "https://registry.npmjs.org/ts-nkeys/-/ts-nkeys-1.0.14.tgz",
      "integrity": "sha512-WIPykDjpnOvVn5zDNv1uu6o1+Uj+CXaQOM4Od6k2SRiUF4rmhjk7nAHC0mGrWjj0GxeQnwKQv++65qtm1O6kiA==",
      "requires": {
        "tweetnacl": "^1.0.1"
      }
    },
    "ts-node": {
      "version": "8.6.2",
      "resolved": "https://registry.npmjs.org/ts-node/-/ts-node-8.6.2.tgz",
      "integrity": "sha512-4mZEbofxGqLL2RImpe3zMJukvEvcO1XP8bj8ozBPySdCUXEcU5cIRwR0aM3R+VoZq7iXc8N86NC0FspGRqP4gg==",
      "dev": true,
      "requires": {
        "arg": "^4.1.0",
        "diff": "^4.0.1",
        "make-error": "^1.1.1",
        "source-map-support": "^0.5.6",
        "yn": "3.1.1"
      }
    },
    "tweetnacl": {
      "version": "1.0.3",
      "resolved": "https://registry.npmjs.org/tweetnacl/-/tweetnacl-1.0.3.tgz",
      "integrity": "sha512-6rt+RN7aOi1nGMyC4Xa5DdYiukl2UWCbcJft7YhxReBGQD7OAM8Pbxw6YMo4r2diNEA8FEmu32YOn9rhaiE5yw=="
    },
    "typescript": {
      "version": "3.7.5",
      "resolved": "https://registry.npmjs.org/typescript/-/typescript-3.7.5.tgz",
      "integrity": "sha512-/P5lkRXkWHNAbcJIiHPfRoKqyd7bsyCma1hZNUGfn20qm64T6ZBlrzprymeu918H+mB/0rIg2gGK/BXkhhYgBw==",
      "dev": true
    },
    "uuid": {
      "version": "3.4.0",
      "resolved": "https://registry.npmjs.org/uuid/-/uuid-3.4.0.tgz",
      "integrity": "sha512-HjSDRw6gZE5JMggctHBcjVak08+KEVhSIiDzFnT9S9aegmp85S/bReBVTb4QTFaRNptJ9kuYaNhnbNEOkbKb/A=="
    },
    "xorshift": {
      "version": "0.2.1",
      "resolved": "https://registry.npmjs.org/xorshift/-/xorshift-0.2.1.tgz",
      "integrity": "sha1-/NgiZ+k1HBPw+5xzMH8lMx0pxjo="
    },
    "xtend": {
      "version": "4.0.2",
      "resolved": "https://registry.npmjs.org/xtend/-/xtend-4.0.2.tgz",
      "integrity": "sha512-LKYU1iAXJXUgAXn9URjiu+MWhyUXHsvfp7mcuYm9dSUKK0/CjtrUwFAxD82/mCWbtLsGjFIad0wIsod4zrTAEQ=="
    },
    "yn": {
      "version": "3.1.1",
      "resolved": "https://registry.npmjs.org/yn/-/yn-3.1.1.tgz",
      "integrity": "sha512-Ux4ygGWsu2c7isFWe8Yu1YluJmqVhxqK2cLXNQA5AcC3QfbGNpM7fu0Y8b/z16pXLnFxZYvWhd3fhBY9DLmC6Q==",
      "dev": true
    }
  }
}
